
Microsoft Visual Studio Solution File, Format Version 12.00
# Visual Studio Version 16
VisualStudioVersion = 16.0.31112.23
MinimumVisualStudioVersion = 10.0.40219.1
Project("{8BC9CEB8-8B4A-11D0-8D11-00A0C91BC942}") = "Chart2", "Chart2\Chart2.vcxproj", "{509493DC-A0F9-4661-BA9E-C9AAFF711657}"
EndProject
Global
	GlobalSection(SolutionConfigurationPlatforms) = preSolution
		Debug|x64 = Debug|x64
		Debug|x86 = Debug|x86
		Release|x64 = Release|x64
		Release|x86 = Release|x86
	EndGlobalSection
	GlobalSection(ProjectConfigurationPlatforms) = postSolution
		{509493DC-A0F9-4661-BA9E-C9AAFF711657}.Debug|x64.ActiveCfg = Debug|x64
		{509493DC-A0F9-4661-BA9E-C9AAFF711657}.Debug|x64.Build.0 = Debug|x64
		{509493DC-A0F9-4661-BA9E-C9AAFF711657}.Debug|x86.ActiveCfg = Debug|Win32
		{509493DC-A0F9-4661-BA9E-C9AAFF711657}.Debug|x86.Build.0 = Debug|Win32
		{509493DC-A0F9-4661-BA9E-C9AAFF711657}.Release|x64.ActiveCfg = Release|x64
		{509493DC-A0F9-4661-BA9E-C9AAFF711657}.Release|x64.Build.0 = Release|x64
		{509493DC-A0F9-4661-BA9E-C9AAFF711657}.Release|x86.ActiveCfg = Release|Win32
		{509493DC-A0F9-4661-BA9E-C9AAFF711657}.Release|x86.Build.0 = Release|Win32
	EndGlobalSection
	GlobalSection(SolutionProperties) = preSolution
		HideSolutionNode = FALSE
	EndGlobalSection
	GlobalSection(ExtensibilityGlobals) = postSolution
		SolutionGuid = {0492A1ED-C5F7-4591-85EB-6E7CA4B445C9}
	EndGlobalSection
EndGlobal
